// !$*UTF8*$!
{
	archiveVersion = 1;
	classes = {
	};
	objectVersion = 52;
	objects = {

/* Begin PBXBuildFile section */
		83828C1226409E0D004CEC2C /* SwiftUIWeatherApplicationApp.swift in Sources */ = {isa = PBXBuildFile; fileRef = 83828C1126409E0D004CEC2C /* SwiftUIWeatherApplicationApp.swift */; };
		83828C1426409E0D004CEC2C /* ContentView.swift in Sources */ = {isa = PBXBuildFile; fileRef = 83828C1326409E0D004CEC2C /* ContentView.swift */; };
		83828C1626409E15004CEC2C /* Assets.xcassets in Resources */ = {isa = PBXBuildFile; fileRef = 83828C1526409E15004CEC2C /* Assets.xcassets */; };
		83828C1926409E15004CEC2C /* Preview Assets.xcassets in Resources */ = {isa = PBXBuildFile; fileRef = 83828C1826409E15004CEC2C /* Preview Assets.xcassets */; };
		83828C2226409E8A004CEC2C /* ForecastListVM.swift in Sources */ = {isa = PBXBuildFile; fileRef = 83828C2126409E8A004CEC2C /* ForecastListVM.swift */; };
		83828C2526409EB6004CEC2C /* ForecastViewModel.swift in Sources */ = {isa = PBXBuildFile; fileRef = 83828C2426409EB6004CEC2C /* ForecastViewModel.swift */; };
		83828C2B26409EFC004CEC2C /* APIService.swift in Sources */ = {isa = PBXBuildFile; fileRef = 83828C2A26409EFC004CEC2C /* APIService.swift */; };
		83828C2E26409F24004CEC2C /* Extension.swift in Sources */ = {isa = PBXBuildFile; fileRef = 83828C2D26409F24004CEC2C /* Extension.swift */; };
		83828C3226409F6B004CEC2C /* WeatherModel.swift in Sources */ = {isa = PBXBuildFile; fileRef = 83828C3126409F6B004CEC2C /* WeatherModel.swift */; };
		83828C3E2640A20C004CEC2C /* SDWebImageSwiftUI in Frameworks */ = {isa = PBXBuildFile; productRef = 83828C3D2640A20C004CEC2C /* SDWebImageSwiftUI */; };
/* End PBXBuildFile section */

/* Begin PBXFileReference section */
		83828C0E26409E0D004CEC2C /* SwiftUIWeatherApplication.app */ = {isa = PBXFileReference; explicitFileType = wrapper.application; includeInIndex = 0; path = SwiftUIWeatherApplication.app; sourceTree = BUILT_PRODUCTS_DIR; };
		83828C1126409E0D004CEC2C /* SwiftUIWeatherApplicationApp.swift */ = {isa = PBXFileReference; lastKnownFileType = sourcecode.swift; path = SwiftUIWeatherApplicationApp.swift; sourceTree = "<group>"; };
		83828C1326409E0D004CEC2C /* ContentView.swift */ = {isa = PBXFileReference; lastKnownFileType = sourcecode.swift; path = ContentView.swift; sourceTree = "<group>"; };
		83828C1526409E15004CEC2C /* Assets.xcassets */ = {isa = PBXFileReference; lastKnownFileType = folder.assetcatalog; path = Assets.xcassets; sourceTree = "<group>"; };
		83828C1826409E15004CEC2C /* Preview Assets.xcassets */ = {isa = PBXFileReference; lastKnownFileType = folder.assetcatalog; path = "Preview Assets.xcassets"; sourceTree = "<group>"; };
		83828C1A26409E15004CEC2C /* Info.plist */ = {isa = PBXFileReference; lastKnownFileType = text.plist.xml; path = Info.plist; sourceTree = "<group>"; };
		83828C2126409E8A004CEC2C /* ForecastListVM.swift */ = {isa = PBXFileReference; lastKnownFileType = sourcecode.swift; path = ForecastListVM.swift; sourceTree = "<group>"; };
		83828C2426409EB6004CEC2C /* ForecastViewModel.swift */ = {isa = PBXFileReference; lastKnownFileType = sourcecode.swift; path = ForecastViewModel.swift; sourceTree = "<group>"; };
		83828C2A26409EFC004CEC2C /* APIService.swift */ = {isa = PBXFileReference; lastKnownFileType = sourcecode.swift; path = APIService.swift; sourceTree = "<group>"; };
		83828C2D26409F24004CEC2C /* Extension.swift */ = {isa = PBXFileReference; lastKnownFileType = sourcecode.swift; path = Extension.swift; sourceTree = "<group>"; };
		83828C3126409F6B004CEC2C /* WeatherModel.swift */ = {isa = PBXFileReference; lastKnownFileType = sourcecode.swift; path = WeatherModel.swift; sourceTree = "<group>"; };
/* End PBXFileReference section */

/* Begin PBXFrameworksBuildPhase section */
		83828C0B26409E0D004CEC2C /* Frameworks */ = {
			isa = PBXFrameworksBuildPhase;
			buildActionMask = 2147483647;
			files = (
				83828C3E2640A20C004CEC2C /* SDWebImageSwiftUI in Frameworks */,
			);
			runOnlyForDeploymentPostprocessing = 0;
		};
/* End PBXFrameworksBuildPhase section */

/* Begin PBXGroup section */
		83828C0526409E0D004CEC2C = {
			isa = PBXGroup;
			children = (
				83828C1026409E0D004CEC2C /* SwiftUIWeatherApplication */,
				83828C0F26409E0D004CEC2C /* Products */,
			);
			sourceTree = "<group>";
		};
		83828C0F26409E0D004CEC2C /* Products */ = {
			isa = PBXGroup;
			children = (
				83828C0E26409E0D004CEC2C /* SwiftUIWeatherApplication.app */,
			);
			name = Products;
			sourceTree = "<group>";
		};
		83828C1026409E0D004CEC2C /* SwiftUIWeatherApplication */ = {
			isa = PBXGroup;
			children = (
				83828C462640A33C004CEC2C /* Model */,
				83828C402640A304004CEC2C /* View */,
				83828C442640A327004CEC2C /* ViewModel */,
				83828C422640A30F004CEC2C /* API+Extension */,
				83828C1126409E0D004CEC2C /* SwiftUIWeatherApplicationApp.swift */,
				83828C1526409E15004CEC2C /* Assets.xcassets */,
				83828C1A26409E15004CEC2C /* Info.plist */,
				83828C1726409E15004CEC2C /* Preview Content */,
			);
			path = SwiftUIWeatherApplication;
			sourceTree = "<group>";
		};
		83828C1726409E15004CEC2C /* Preview Content */ = {
			isa = PBXGroup;
			children = (
				83828C1826409E15004CEC2C /* Preview Assets.xcassets */,
			);
			path = "Preview Content";
			sourceTree = "<group>";
		};
		83828C402640A304004CEC2C /* View */ = {
			isa = PBXGroup;
			children = (
				83828C1326409E0D004CEC2C /* ContentView.swift */,
			);
			path = View;
			sourceTree = "<group>";
		};
		83828C422640A30F004CEC2C /* API+Extension */ = {
			isa = PBXGroup;
			children = (
				83828C2D26409F24004CEC2C /* Extension.swift */,
				83828C2A26409EFC004CEC2C /* APIService.swift */,
			);
			path = "API+Extension";
			sourceTree = "<group>";
		};
		83828C442640A327004CEC2C /* ViewModel */ = {
			isa = PBXGroup;
			children = (
				83828C2426409EB6004CEC2C /* ForecastViewModel.swift */,
				83828C2126409E8A004CEC2C /* ForecastListVM.swift */,
			);
			path = ViewModel;
			sourceTree = "<group>";
		};
		83828C462640A33C004CEC2C /* Model */ = {
			isa = PBXGroup;
			children = (
				83828C3126409F6B004CEC2C /* WeatherModel.swift */,
			);
			path = Model;
			sourceTree = "<group>";
		};
/* End PBXGroup section */

/* Begin PBXNativeTarget section */
		83828C0D26409E0D004CEC2C /* SwiftUIWeatherApplication */ = {
			isa = PBXNativeTarget;
			buildConfigurationList = 83828C1D26409E15004CEC2C /* Build configuration list for PBXNativeTarget "SwiftUIWeatherApplication" */;
			buildPhases = (
				83828C0A26409E0D004CEC2C /* Sources */,
				83828C0B26409E0D004CEC2C /* Frameworks */,
				83828C0C26409E0D004CEC2C /* Resources */,
			);
			buildRules = (
			);
			dependencies = (
			);
			name = SwiftUIWeatherApplication;
			packageProductDependencies = (
				83828C3D2640A20C004CEC2C /* SDWebImageSwiftUI */,
			);
			productName = SwiftUIWeatherApplication;
			productReference = 83828C0E26409E0D004CEC2C /* SwiftUIWeatherApplication.app */;
			productType = "com.apple.product-type.application";
		};
/* End PBXNativeTarget section */

/* Begin PBXProject section */
		83828C0626409E0D004CEC2C /* Project object */ = {
			isa = PBXProject;
			attributes = {
				LastSwiftUpdateCheck = 1240;
				LastUpgradeCheck = 1240;
				TargetAttributes = {
					83828C0D26409E0D004CEC2C = {
						CreatedOnToolsVersion = 12.4;
					};
				};
			};
			buildConfigurationList = 83828C0926409E0D004CEC2C /* Build configuration list for PBXProject "SwiftUIWeatherApplication" */;
			compatibilityVersion = "Xcode 9.3";
			developmentRegion = en;
			hasScannedForEncodings = 0;
			knownRegions = (
				en,
				Base,
			);
			mainGroup = 83828C0526409E0D004CEC2C;
			packageReferences = (
				83828C372640A05C004CEC2C /* XCRemoteSwiftPackageReference "SDWebImage" */,
				83828C3C2640A20C004CEC2C /* XCRemoteSwiftPackageReference "SDWebImageSwiftUI" */,
			);
			productRefGroup = 83828C0F26409E0D004CEC2C /* Products */;
			projectDirPath = "";
			projectRoot = "";
			targets = (
				83828C0D26409E0D004CEC2C /* SwiftUIWeatherApplication */,
			);
		};
/* End PBXProject section */

/* Begin PBXResourcesBuildPhase section */
		83828C0C26409E0D004CEC2C /* Resources */ = {
			isa = PBXResourcesBuildPhase;
			buildActionMask = 2147483647;
			files = (
				83828C1926409E15004CEC2C /* Preview Assets.xcassets in Resources */,
				83828C1626409E15004CEC2C /* Assets.xcassets in Resources */,
			);
			runOnlyForDeploymentPostprocessing = 0;
		};
/* End PBXResourcesBuildPhase section */

/* Begin PBXSourcesBuildPhase section */
		83828C0A26409E0D004CEC2C /* Sources */ = {
			isa = PBXSourcesBuildPhase;
			buildActionMask = 2147483647;
			files = (
				83828C1426409E0D004CEC2C /* ContentView.swift in Sources */,
				83828C2B26409EFC004CEC2C /* APIService.swift in Sources */,
				83828C2526409EB6004CEC2C /* ForecastViewModel.swift in Sources */,
				83828C3226409F6B004CEC2C /* WeatherModel.swift in Sources */,
				83828C2E26409F24004CEC2C /* Extension.swift in Sources */,
				83828C2226409E8A004CEC2C /* ForecastListVM.swift in Sources */,
				83828C1226409E0D004CEC2C /* SwiftUIWeatherApplicationApp.swift in Sources */,
			);
			runOnlyForDeploymentPostprocessing = 0;
		};
/* End PBXSourcesBuildPhase section */

/* Begin XCBuildConfiguration section */
		83828C1B26409E15004CEC2C /* Debug */ = {
			isa = XCBuildConfiguration;
			buildSettings = {
				ALWAYS_SEARCH_USER_PATHS = NO;
				CLANG_ANALYZER_NONNULL = YES;
				CLANG_ANALYZER_NUMBER_OBJECT_CONVERSION = YES_AGGRESSIVE;
				CLANG_CXX_LANGUAGE_STANDARD = "gnu++14";
				CLANG_CXX_LIBRARY = "libc++";
				CLANG_ENABLE_MODULES = YES;
				CLANG_ENABLE_OBJC_ARC = YES;
				CLANG_ENABLE_OBJC_WEAK = YES;
				CLANG_WARN_BLOCK_CAPTURE_AUTORELEASING = YES;
				CLANG_WARN_BOOL_CONVERSION = YES;
				CLANG_WARN_COMMA = YES;
				CLANG_WARN_CONSTANT_CONVERSION = YES;
				CLANG_WARN_DEPRECATED_OBJC_IMPLEMENTATIONS = YES;
				CLANG_WARN_DIRECT_OBJC_ISA_USAGE = YES_ERROR;
				CLANG_WARN_DOCUMENTATION_COMMENTS = YES;
				CLANG_WARN_EMPTY_BODY = YES;
				CLANG_WARN_ENUM_CONVERSION = YES;
				CLANG_WARN_INFINITE_RECURSION = YES;
				CLANG_WARN_INT_CONVERSION = YES;
				CLANG_WARN_NON_LITERAL_NULL_CONVERSION = YES;
				CLANG_WARN_OBJC_IMPLICIT_RETAIN_SELF = YES;
				CLANG_WARN_OBJC_LITERAL_CONVERSION = YES;
				CLANG_WARN_OBJC_ROOT_CLASS = YES_ERROR;
				CLANG_WARN_QUOTED_INCLUDE_IN_FRAMEWORK_HEADER = YES;
				CLANG_WARN_RANGE_LOOP_ANALYSIS = YES;
				CLANG_WARN_STRICT_PROTOTYPES = YES;
				CLANG_WARN_SUSPICIOUS_MOVE = YES;
				CLANG_WARN_UNGUARDED_AVAILABILITY = YES_AGGRESSIVE;
				CLANG_WARN_UNREACHABLE_CODE = YES;
				CLANG_WARN__DUPLICATE_METHOD_MATCH = YES;
				COPY_PHASE_STRIP = NO;
				DEBUG_INFORMATION_FORMAT = dwarf;
				ENABLE_STRICT_OBJC_MSGSEND = YES;
				ENABLE_TESTABILITY = YES;
				GCC_C_LANGUAGE_STANDARD = gnu11;
				GCC_DYNAMIC_NO_PIC = NO;
				GCC_NO_COMMON_BLOCKS = YES;
				GCC_OPTIMIZATION_LEVEL = 0;
				GCC_PREPROCESSOR_DEFINITIONS = (
					"DEBUG=1",
					"$(inherited)",
				);
				GCC_WARN_64_TO_32_BIT_CONVERSION = YES;
				GCC_WARN_ABOUT_RETURN_TYPE = YES_ERROR;
				GCC_WARN_UNDECLARED_SELECTOR = YES;
				GCC_WARN_UNINITIALIZED_AUTOS = YES_AGGRESSIVE;
				GCC_WARN_UNUSED_FUNCTION = YES;
				GCC_WARN_UNUSED_VARIABLE = YES;
				IPHONEOS_DEPLOYMENT_TARGET = 14.4;
				MTL_ENABLE_DEBUG_INFO = INCLUDE_SOURCE;
				MTL_FAST_MATH = YES;
				ONLY_ACTIVE_ARCH = YES;
				SDKROOT = iphoneos;
				SWIFT_ACTIVE_COMPILATION_CONDITIONS = DEBUG;
				SWIFT_OPTIMIZATION_LEVEL = "-Onone";
			};
			name = Debug;
		};
		83828C1C26409E15004CEC2C /* Release */ = {
			isa = XCBuildConfiguration;
			buildSettings = {
				ALWAYS_SEARCH_USER_PATHS = NO;
				CLANG_ANALYZER_NONNULL = YES;
				CLANG_ANALYZER_NUMBER_OBJECT_CONVERSION = YES_AGGRESSIVE;
				CLANG_CXX_LANGUAGE_STANDARD = "gnu++14";
				CLANG_CXX_LIBRARY = "libc++";
				CLANG_ENABLE_MODULES = YES;
				CLANG_ENABLE_OBJC_ARC = YES;
				CLANG_ENABLE_OBJC_WEAK = YES;
				CLANG_WARN_BLOCK_CAPTURE_AUTORELEASING = YES;
				CLANG_WARN_BOOL_CONVERSION = YES;
				CLANG_WARN_COMMA = YES;
				CLANG_WARN_CONSTANT_CONVERSION = YES;
				CLANG_WARN_DEPRECATED_OBJC_IMPLEMENTATIONS = YES;
				CLANG_WARN_DIRECT_OBJC_ISA_USAGE = YES_ERROR;
				CLANG_WARN_DOCUMENTATION_COMMENTS = YES;
				CLANG_WARN_EMPTY_BODY = YES;
				CLANG_WARN_ENUM_CONVERSION = YES;
				CLANG_WARN_INFINITE_RECURSION = YES;
				CLANG_WARN_INT_CONVERSION = YES;
				CLANG_WARN_NON_LITERAL_NULL_CONVERSION = YES;
				CLANG_WARN_OBJC_IMPLICIT_RETAIN_SELF = YES;
				CLANG_WARN_OBJC_LITERAL_CONVERSION = YES;
				CLANG_WARN_OBJC_ROOT_CLASS = YES_ERROR;
				CLANG_WARN_QUOTED_INCLUDE_IN_FRAMEWORK_HEADER = YES;
				CLANG_WARN_RANGE_LOOP_ANALYSIS = YES;
				CLANG_WARN_STRICT_PROTOTYPES = YES;
				CLANG_WARN_SUSPICIOUS_MOVE = YES;
				CLANG_WARN_UNGUARDED_AVAILABILITY = YES_AGGRESSIVE;
				CLANG_WARN_UNREACHABLE_CODE = YES;
				CLANG_WARN__DUPLICATE_METHOD_MATCH = YES;
				COPY_PHASE_STRIP = NO;
				DEBUG_INFORMATION_FORMAT = "dwarf-with-dsym";
				ENABLE_NS_ASSERTIONS = NO;
				ENABLE_STRICT_OBJC_MSGSEND = YES;
				GCC_C_LANGUAGE_STANDARD = gnu11;
				GCC_NO_COMMON_BLOCKS = YES;
				GCC_WARN_64_TO_32_BIT_CONVERSION = YES;
				GCC_WARN_ABOUT_RETURN_TYPE = YES_ERROR;
				GCC_WARN_UNDECLARED_SELECTOR = YES;
				GCC_WARN_UNINITIALIZED_AUTOS = YES_AGGRESSIVE;
				GCC_WARN_UNUSED_FUNCTION = YES;
				GCC_WARN_UNUSED_VARIABLE = YES;
				IPHONEOS_DEPLOYMENT_TARGET = 14.4;
				MTL_ENABLE_DEBUG_INFO = NO;
				MTL_FAST_MATH = YES;
				SDKROOT = iphoneos;
				SWIFT_COMPILATION_MODE = wholemodule;
				SWIFT_OPTIMIZATION_LEVEL = "-O";
				VALIDATE_PRODUCT = YES;
			};
			name = Release;
		};
		83828C1E26409E15004CEC2C /* Debug */ = {
			isa = XCBuildConfiguration;
			buildSettings = {
				ASSETCATALOG_COMPILER_APPICON_NAME = AppIcon;
				ASSETCATALOG_COMPILER_GLOBAL_ACCENT_COLOR_NAME = AccentColor;
				CODE_SIGN_STYLE = Automatic;
				DEVELOPMENT_ASSET_PATHS = "\"SwiftUIWeatherApplication/Preview Content\"";
				DEVELOPMENT_TEAM = DYBWA45MRH;
				ENABLE_PREVIEWS = YES;
				INFOPLIST_FILE = SwiftUIWeatherApplication/Info.plist;
				IPHONEOS_DEPLOYMENT_TARGET = 14.0;
				LD_RUNPATH_SEARCH_PATHS = (
					"$(inherited)",
					"@executable_path/Frameworks",
				);
				PRODUCT_BUNDLE_IDENTIFIER = lv.accenture.Internship.SwiftUIWeatherApplication;
				PRODUCT_NAME = "$(TARGET_NAME)";
				SWIFT_VERSION = 5.0;
				TARGETED_DEVICE_FAMILY = "1,2";
			};
			name = Debug;
		};
		83828C1F26409E15004CEC2C /* Release */ = {
			isa = XCBuildConfiguration;
			buildSettings = {
				ASSETCATALOG_COMPILER_APPICON_NAME = AppIcon;
				ASSETCATALOG_COMPILER_GLOBAL_ACCENT_COLOR_NAME = AccentColor;
				CODE_SIGN_STYLE = Automatic;
				DEVELOPMENT_ASSET_PATHS = "\"SwiftUIWeatherApplication/Preview Content\"";
				DEVELOPMENT_TEAM = DYBWA45MRH;
				ENABLE_PREVIEWS = YES;
				INFOPLIST_FILE = SwiftUIWeatherApplication/Info.plist;
				IPHONEOS_DEPLOYMENT_TARGET = 14.0;
				LD_RUNPATH_SEARCH_PATHS = (
					"$(inherited)",
					"@executable_path/Frameworks",
				);
				PRODUCT_BUNDLE_IDENTIFIER = lv.accenture.Internship.SwiftUIWeatherApplication;
				PRODUCT_NAME = "$(TARGET_NAME)";
				SWIFT_VERSION = 5.0;
				TARGETED_DEVICE_FAMILY = "1,2";
			};
			name = Release;
		};
/* End XCBuildConfiguration section */

/* Begin XCConfigurationList section */
		83828C0926409E0D004CEC2C /* Build configuration list for PBXProject "SwiftUIWeatherApplication" */ = {
			isa = XCConfigurationList;
			buildConfigurations = (
				83828C1B26409E15004CEC2C /* Debug */,
				83828C1C26409E15004CEC2C /* Release */,
			);
			defaultConfigurationIsVisible = 0;
			defaultConfigurationName = Release;
		};
		83828C1D26409E15004CEC2C /* Build configuration list for PBXNativeTarget "SwiftUIWeatherApplication" */ = {
			isa = XCConfigurationList;
			buildConfigurations = (
				83828C1E26409E15004CEC2C /* Debug */,
				83828C1F26409E15004CEC2C /* Release */,
			);
			defaultConfigurationIsVisible = 0;
			defaultConfigurationName = Release;
		};
/* End XCConfigurationList section */

/* Begin XCRemoteSwiftPackageReference section */
		83828C372640A05C004CEC2C /* XCRemoteSwiftPackageReference "SDWebImage" */ = {
			isa = XCRemoteSwiftPackageReference;
			repositoryURL = "https://github.com/SDWebImage/SDWebImage.git";
			requirement = {
				kind = upToNextMajorVersion;
				minimumVersion = 5.11.1;
			};
		};
		83828C3C2640A20C004CEC2C /* XCRemoteSwiftPackageReference "SDWebImageSwiftUI" */ = {
			isa = XCRemoteSwiftPackageReference;
			repositoryURL = "https://github.com/SDWebImage/SDWebImageSwiftUI.git";
			requirement = {
				kind = upToNextMajorVersion;
				minimumVersion = 2.0.2;
			};
		};
/* End XCRemoteSwiftPackageReference section */

/* Begin XCSwiftPackageProductDependency section */
		83828C3D2640A20C004CEC2C /* SDWebImageSwiftUI */ = {
			isa = XCSwiftPackageProductDependency;
			package = 83828C3C2640A20C004CEC2C /* XCRemoteSwiftPackageReference "SDWebImageSwiftUI" */;
			productName = SDWebImageSwiftUI;
		};
/* End XCSwiftPackageProductDependency section */
	};
	rootObject = 83828C0626409E0D004CEC2C /* Project object */;
}
